
Microsoft Visual Studio Solution File, Format Version 12.00
# Visual Studio Version 17
VisualStudioVersion = 17.7.34202.233
MinimumVisualStudioVersion = 10.0.40219.1
Project("{FAE04EC0-301F-11D3-BF4B-00C04F79EFBC}") = "2302b1TempEmbedding", "2302b1TempEmbedding\2302b1TempEmbedding.csproj", "{1C599E2F-DA63-4E02-9263-84CF60481B73}"
EndProject
Global
	GlobalSection(SolutionConfigurationPlatforms) = preSolution
		Debug|Any CPU = Debug|Any CPU
		Release|Any CPU = Release|Any CPU
	EndGlobalSection
	GlobalSection(ProjectConfigurationPlatforms) = postSolution
		{1C599E2F-DA63-4E02-9263-84CF60481B73}.Debug|Any CPU.ActiveCfg = Debug|Any CPU
		{1C599E2F-DA63-4E02-9263-84CF60481B73}.Debug|Any CPU.Build.0 = Debug|Any CPU
		{1C599E2F-DA63-4E02-9263-84CF60481B73}.Release|Any CPU.ActiveCfg = Release|Any CPU
		{1C599E2F-DA63-4E02-9263-84CF60481B73}.Release|Any CPU.Build.0 = Release|Any CPU
	EndGlobalSection
	GlobalSection(SolutionProperties) = preSolution
		HideSolutionNode = FALSE
	EndGlobalSection
	GlobalSection(ExtensibilityGlobals) = postSolution
		SolutionGuid = {BFD2ED3E-F4E4-497A-8B36-4A74F2563A43}
	EndGlobalSection
EndGlobal
